
Microsoft Visual Studio Solution File, Format Version 12.00
# Visual Studio 14
VisualStudioVersion = 14.0.23107.0
MinimumVisualStudioVersion = 10.0.40219.1
Project("{FAE04EC0-301F-11D3-BF4B-00C04F79EFBC}") = "Task1", "Task1\Task1.csproj", "{162D1C76-D351-4FB2-979C-C40A49BE4066}"
EndProject
Project("{FAE04EC0-301F-11D3-BF4B-00C04F79EFBC}") = "Task2", "Task2\Task2.csproj", "{CE8DC9B2-5B53-453A-889D-51F3B2B965DD}"
EndProject
Global
	GlobalSection(SolutionConfigurationPlatforms) = preSolution
		Debug|Any CPU = Debug|Any CPU
		Release|Any CPU = Release|Any CPU
	EndGlobalSection
	GlobalSection(ProjectConfigurationPlatforms) = postSolution
		{162D1C76-D351-4FB2-979C-C40A49BE4066}.Debug|Any CPU.ActiveCfg = Debug|Any CPU
		{162D1C76-D351-4FB2-979C-C40A49BE4066}.Debug|Any CPU.Build.0 = Debug|Any CPU
		{162D1C76-D351-4FB2-979C-C40A49BE4066}.Release|Any CPU.ActiveCfg = Release|Any CPU
		{162D1C76-D351-4FB2-979C-C40A49BE4066}.Release|Any CPU.Build.0 = Release|Any CPU
		{CE8DC9B2-5B53-453A-889D-51F3B2B965DD}.Debug|Any CPU.ActiveCfg = Debug|Any CPU
		{CE8DC9B2-5B53-453A-889D-51F3B2B965DD}.Debug|Any CPU.Build.0 = Debug|Any CPU
		{CE8DC9B2-5B53-453A-889D-51F3B2B965DD}.Release|Any CPU.ActiveCfg = Release|Any CPU
		{CE8DC9B2-5B53-453A-889D-51F3B2B965DD}.Release|Any CPU.Build.0 = Release|Any CPU
	EndGlobalSection
	GlobalSection(SolutionProperties) = preSolution
		HideSolutionNode = FALSE
	EndGlobalSection
EndGlobal
